
Microsoft Visual Studio Solution File, Format Version 12.00
# Visual Studio Version 18
VisualStudioVersion = 18.5.11801.241
MinimumVisualStudioVersion = 10.0.40219.1
Project("{FAE04EC0-301F-11D3-BF4B-00C04F79EFBC}") = "CherAmiAPI", "src\CherAmiAPI\CherAmiAPI.csproj", "{658E0240-029A-F6BC-09DF-FDF149FFCA64}"
EndProject
Project("{FAE04EC0-301F-11D3-BF4B-00C04F79EFBC}") = "CherAmiAPI.UnitTests", "tests\CherAmiAPI.UnitTests\CherAmiAPI.UnitTests.csproj", "{2EE000BB-62B8-4DEE-B4E4-F383A6AC5FC5}"
EndProject
Project("{FAE04EC0-301F-11D3-BF4B-00C04F79EFBC}") = "CherAmiAPI.IntegrationTests", "tests\CherAmiAPI.IntegrationTests\CherAmiAPI.IntegrationTests.csproj", "{4F1ECD60-D434-448B-A51F-8509A78B462A}"
EndProject
Project("{2150E333-8FDC-42A3-9474-1A3956D46DE8}") = "tests", "tests", "{0AB3BF05-4346-4AA6-1389-037BE0695223}"
EndProject
Project("{FAE04EC0-301F-11D3-BF4B-00C04F79EFBC}") = "CherAmiAPI.Tests", "tests\CherAmiAPI.Tests\CherAmiAPI.Tests.csproj", "{9D9531CF-C175-4828-ADEE-4FF46ADDC119}"
EndProject
Project("{2150E333-8FDC-42A3-9474-1A3956D46DE8}") = "src", "src", "{827E0CD3-B72D-47B6-A68D-7590B98EB39B}"
EndProject
Global
	GlobalSection(SolutionConfigurationPlatforms) = preSolution
		Debug|Any CPU = Debug|Any CPU
		Debug|x64 = Debug|x64
		Debug|x86 = Debug|x86
		Release|Any CPU = Release|Any CPU
		Release|x64 = Release|x64
		Release|x86 = Release|x86
	EndGlobalSection
	GlobalSection(ProjectConfigurationPlatforms) = postSolution
		{658E0240-029A-F6BC-09DF-FDF149FFCA64}.Debug|Any CPU.ActiveCfg = Debug|Any CPU
		{658E0240-029A-F6BC-09DF-FDF149FFCA64}.Debug|Any CPU.Build.0 = Debug|Any CPU
		{658E0240-029A-F6BC-09DF-FDF149FFCA64}.Debug|x64.ActiveCfg = Debug|Any CPU
		{658E0240-029A-F6BC-09DF-FDF149FFCA64}.Debug|x64.Build.0 = Debug|Any CPU
		{658E0240-029A-F6BC-09DF-FDF149FFCA64}.Debug|x86.ActiveCfg = Debug|Any CPU
		{658E0240-029A-F6BC-09DF-FDF149FFCA64}.Debug|x86.Build.0 = Debug|Any CPU
		{658E0240-029A-F6BC-09DF-FDF149FFCA64}.Release|Any CPU.ActiveCfg = Release|Any CPU
		{658E0240-029A-F6BC-09DF-FDF149FFCA64}.Release|Any CPU.Build.0 = Release|Any CPU
		{658E0240-029A-F6BC-09DF-FDF149FFCA64}.Release|x64.ActiveCfg = Release|Any CPU
		{658E0240-029A-F6BC-09DF-FDF149FFCA64}.Release|x64.Build.0 = Release|Any CPU
		{658E0240-029A-F6BC-09DF-FDF149FFCA64}.Release|x86.ActiveCfg = Release|Any CPU
		{658E0240-029A-F6BC-09DF-FDF149FFCA64}.Release|x86.Build.0 = Release|Any CPU
		{2EE000BB-62B8-4DEE-B4E4-F383A6AC5FC5}.Debug|Any CPU.ActiveCfg = Debug|Any CPU
		{2EE000BB-62B8-4DEE-B4E4-F383A6AC5FC5}.Debug|Any CPU.Build.0 = Debug|Any CPU
		{2EE000BB-62B8-4DEE-B4E4-F383A6AC5FC5}.Debug|x64.ActiveCfg = Debug|Any CPU
		{2EE000BB-62B8-4DEE-B4E4-F383A6AC5FC5}.Debug|x64.Build.0 = Debug|Any CPU
		{2EE000BB-62B8-4DEE-B4E4-F383A6AC5FC5}.Debug|x86.ActiveCfg = Debug|Any CPU
		{2EE000BB-62B8-4DEE-B4E4-F383A6AC5FC5}.Debug|x86.Build.0 = Debug|Any CPU
		{2EE000BB-62B8-4DEE-B4E4-F383A6AC5FC5}.Release|Any CPU.ActiveCfg = Release|Any CPU
		{2EE000BB-62B8-4DEE-B4E4-F383A6AC5FC5}.Release|Any CPU.Build.0 = Release|Any CPU
		{2EE000BB-62B8-4DEE-B4E4-F383A6AC5FC5}.Release|x64.ActiveCfg = Release|Any CPU
		{2EE000BB-62B8-4DEE-B4E4-F383A6AC5FC5}.Release|x64.Build.0 = Release|Any CPU
		{2EE000BB-62B8-4DEE-B4E4-F383A6AC5FC5}.Release|x86.ActiveCfg = Release|Any CPU
		{2EE000BB-62B8-4DEE-B4E4-F383A6AC5FC5}.Release|x86.Build.0 = Release|Any CPU
		{4F1ECD60-D434-448B-A51F-8509A78B462A}.Debug|Any CPU.ActiveCfg = Debug|Any CPU
		{4F1ECD60-D434-448B-A51F-8509A78B462A}.Debug|Any CPU.Build.0 = Debug|Any CPU
		{4F1ECD60-D434-448B-A51F-8509A78B462A}.Debug|x64.ActiveCfg = Debug|Any CPU
		{4F1ECD60-D434-448B-A51F-8509A78B462A}.Debug|x64.Build.0 = Debug|Any CPU
		{4F1ECD60-D434-448B-A51F-8509A78B462A}.Debug|x86.ActiveCfg = Debug|Any CPU
		{4F1ECD60-D434-448B-A51F-8509A78B462A}.Debug|x86.Build.0 = Debug|Any CPU
		{4F1ECD60-D434-448B-A51F-8509A78B462A}.Release|Any CPU.ActiveCfg = Release|Any CPU
		{4F1ECD60-D434-448B-A51F-8509A78B462A}.Release|Any CPU.Build.0 = Release|Any CPU
		{4F1ECD60-D434-448B-A51F-8509A78B462A}.Release|x64.ActiveCfg = Release|Any CPU
		{4F1ECD60-D434-448B-A51F-8509A78B462A}.Release|x64.Build.0 = Release|Any CPU
		{4F1ECD60-D434-448B-A51F-8509A78B462A}.Release|x86.ActiveCfg = Release|Any CPU
		{4F1ECD60-D434-448B-A51F-8509A78B462A}.Release|x86.Build.0 = Release|Any CPU
		{9D9531CF-C175-4828-ADEE-4FF46ADDC119}.Debug|Any CPU.ActiveCfg = Debug|Any CPU
		{9D9531CF-C175-4828-ADEE-4FF46ADDC119}.Debug|Any CPU.Build.0 = Debug|Any CPU
		{9D9531CF-C175-4828-ADEE-4FF46ADDC119}.Debug|x64.ActiveCfg = Debug|Any CPU
		{9D9531CF-C175-4828-ADEE-4FF46ADDC119}.Debug|x64.Build.0 = Debug|Any CPU
		{9D9531CF-C175-4828-ADEE-4FF46ADDC119}.Debug|x86.ActiveCfg = Debug|Any CPU
		{9D9531CF-C175-4828-ADEE-4FF46ADDC119}.Debug|x86.Build.0 = Debug|Any CPU
		{9D9531CF-C175-4828-ADEE-4FF46ADDC119}.Release|Any CPU.ActiveCfg = Release|Any CPU
		{9D9531CF-C175-4828-ADEE-4FF46ADDC119}.Release|Any CPU.Build.0 = Release|Any CPU
		{9D9531CF-C175-4828-ADEE-4FF46ADDC119}.Release|x64.ActiveCfg = Release|Any CPU
		{9D9531CF-C175-4828-ADEE-4FF46ADDC119}.Release|x64.Build.0 = Release|Any CPU
		{9D9531CF-C175-4828-ADEE-4FF46ADDC119}.Release|x86.ActiveCfg = Release|Any CPU
		{9D9531CF-C175-4828-ADEE-4FF46ADDC119}.Release|x86.Build.0 = Release|Any CPU
	EndGlobalSection
	GlobalSection(SolutionProperties) = preSolution
		HideSolutionNode = FALSE
	EndGlobalSection
	GlobalSection(NestedProjects) = preSolution
		{658E0240-029A-F6BC-09DF-FDF149FFCA64} = {827E0CD3-B72D-47B6-A68D-7590B98EB39B}
		{2EE000BB-62B8-4DEE-B4E4-F383A6AC5FC5} = {0AB3BF05-4346-4AA6-1389-037BE0695223}
		{4F1ECD60-D434-448B-A51F-8509A78B462A} = {0AB3BF05-4346-4AA6-1389-037BE0695223}
		{9D9531CF-C175-4828-ADEE-4FF46ADDC119} = {0AB3BF05-4346-4AA6-1389-037BE0695223}
	EndGlobalSection
	GlobalSection(ExtensibilityGlobals) = postSolution
		SolutionGuid = {DE55F51E-F6D4-4E8E-9980-975B058B70F8}
	EndGlobalSection
EndGlobal
